{
  "name": "ajs-part2",
  "version": "1.0.0",
  "lockfileVersion": 1,
  "requires": true,
  "dependencies": {
    "@vladimir-shutyak/ajs": {
      "version": "1.0.0",
      "resolved": "https://npm.pkg.github.com/download/@vladimir-shutyak/ajs/1.0.0/7b3feb344c9312ba1b98270e26089c3725621039472f7b62afa6ce754ec20b65",
      "integrity": "sha512-OSwQv2cu/WdCBYXsDJyZNzcz5J4sRRdTaEXtdB/2V8KeCjBctRmnDUm4cW9FX2AJN1heBVOyQvt6luWnoJMeBg=="
    }
  }
}
